// !$*UTF8*$!
{
	archiveVersion = 1;
	classes = {
	};
	objectVersion = 50;
	objects = {

/* Begin PBXBuildFile section */
		C0663ABC27D650B700BBC4BA /* AppDelegate.swift in Sources */ = {isa = PBXBuildFile; fileRef = C0663ABB27D650B700BBC4BA /* AppDelegate.swift */; };
		C0663ABE27D650B700BBC4BA /* SceneDelegate.swift in Sources */ = {isa = PBXBuildFile; fileRef = C0663ABD27D650B700BBC4BA /* SceneDelegate.swift */; };
		C0663AC027D650B700BBC4BA /* ViewController.swift in Sources */ = {isa = PBXBuildFile; fileRef = C0663ABF27D650B700BBC4BA /* ViewController.swift */; };
		C0663AC327D650B700BBC4BA /* Main.storyboard in Resources */ = {isa = PBXBuildFile; fileRef = C0663AC127D650B700BBC4BA /* Main.storyboard */; };
		C0663AC527D650C100BBC4BA /* Assets.xcassets in Resources */ = {isa = PBXBuildFile; fileRef = C0663AC427D650C100BBC4BA /* Assets.xcassets */; };
		C0663AC827D650C100BBC4BA /* LaunchScreen.storyboard in Resources */ = {isa = PBXBuildFile; fileRef = C0663AC627D650C100BBC4BA /* LaunchScreen.storyboard */; };
		C0663AD327D650C100BBC4BA /* I_am_RichTests.swift in Sources */ = {isa = PBXBuildFile; fileRef = C0663AD227D650C100BBC4BA /* I_am_RichTests.swift */; };
		C0663ADE27D650C100BBC4BA /* I_am_RichUITests.swift in Sources */ = {isa = PBXBuildFile; fileRef = C0663ADD27D650C100BBC4BA /* I_am_RichUITests.swift */; };
/* End PBXBuildFile section */

/* Begin PBXContainerItemProxy section */
		C0663ACF27D650C100BBC4BA /* PBXContainerItemProxy */ = {
			isa = PBXContainerItemProxy;
			containerPortal = C0663AB027D650B700BBC4BA /* Project object */;
			proxyType = 1;
			remoteGlobalIDString = C0663AB727D650B700BBC4BA;
			remoteInfo = "I am Rich";
		};
		C0663ADA27D650C100BBC4BA /* PBXContainerItemProxy */ = {
			isa = PBXContainerItemProxy;
			containerPortal = C0663AB027D650B700BBC4BA /* Project object */;
			proxyType = 1;
			remoteGlobalIDString = C0663AB727D650B700BBC4BA;
			remoteInfo = "I am Rich";
		};
/* End PBXContainerItemProxy section */

/* Begin PBXFileReference section */
		C0663AB827D650B700BBC4BA /* I am Rich.app */ = {isa = PBXFileReference; explicitFileType = wrapper.application; includeInIndex = 0; path = "I am Rich.app"; sourceTree = BUILT_PRODUCTS_DIR; };
		C0663ABB27D650B700BBC4BA /* AppDelegate.swift */ = {isa = PBXFileReference; lastKnownFileType = sourcecode.swift; path = AppDelegate.swift; sourceTree = "<group>"; };
		C0663ABD27D650B700BBC4BA /* SceneDelegate.swift */ = {isa = PBXFileReference; lastKnownFileType = sourcecode.swift; path = SceneDelegate.swift; sourceTree = "<group>"; };
		C0663ABF27D650B700BBC4BA /* ViewController.swift */ = {isa = PBXFileReference; lastKnownFileType = sourcecode.swift; path = ViewController.swift; sourceTree = "<group>"; };
		C0663AC227D650B700BBC4BA /* Base */ = {isa = PBXFileReference; lastKnownFileType = file.storyboard; name = Base; path = Base.lproj/Main.storyboard; sourceTree = "<group>"; };
		C0663AC427D650C100BBC4BA /* Assets.xcassets */ = {isa = PBXFileReference; lastKnownFileType = folder.assetcatalog; path = Assets.xcassets; sourceTree = "<group>"; };
		C0663AC727D650C100BBC4BA /* Base */ = {isa = PBXFileReference; lastKnownFileType = file.storyboard; name = Base; path = Base.lproj/LaunchScreen.storyboard; sourceTree = "<group>"; };
		C0663AC927D650C100BBC4BA /* Info.plist */ = {isa = PBXFileReference; lastKnownFileType = text.plist.xml; path = Info.plist; sourceTree = "<group>"; };
		C0663ACE27D650C100BBC4BA /* I am RichTests.xctest */ = {isa = PBXFileReference; explicitFileType = wrapper.cfbundle; includeInIndex = 0; path = "I am RichTests.xctest"; sourceTree = BUILT_PRODUCTS_DIR; };
		C0663AD227D650C100BBC4BA /* I_am_RichTests.swift */ = {isa = PBXFileReference; lastKnownFileType = sourcecode.swift; path = I_am_RichTests.swift; sourceTree = "<group>"; };
		C0663AD427D650C100BBC4BA /* Info.plist */ = {isa = PBXFileReference; lastKnownFileType = text.plist.xml; path = Info.plist; sourceTree = "<group>"; };
		C0663AD927D650C100BBC4BA /* I am RichUITests.xctest */ = {isa = PBXFileReference; explicitFileType = wrapper.cfbundle; includeInIndex = 0; path = "I am RichUITests.xctest"; sourceTree = BUILT_PRODUCTS_DIR; };
		C0663ADD27D650C100BBC4BA /* I_am_RichUITests.swift */ = {isa = PBXFileReference; lastKnownFileType = sourcecode.swift; path = I_am_RichUITests.swift; sourceTree = "<group>"; };
		C0663ADF27D650C100BBC4BA /* Info.plist */ = {isa = PBXFileReference; lastKnownFileType = text.plist.xml; path = Info.plist; sourceTree = "<group>"; };
/* End PBXFileReference section */

/* Begin PBXFrameworksBuildPhase section */
		C0663AB527D650B700BBC4BA /* Frameworks */ = {
			isa = PBXFrameworksBuildPhase;
			buildActionMask = 2147483647;
			files = (
			);
			runOnlyForDeploymentPostprocessing = 0;
		};
		C0663ACB27D650C100BBC4BA /* Frameworks */ = {
			isa = PBXFrameworksBuildPhase;
			buildActionMask = 2147483647;
			files = (
			);
			runOnlyForDeploymentPostprocessing = 0;
		};
		C0663AD627D650C100BBC4BA /* Frameworks */ = {
			isa = PBXFrameworksBuildPhase;
			buildActionMask = 2147483647;
			files = (
			);
			runOnlyForDeploymentPostprocessing = 0;
		};
/* End PBXFrameworksBuildPhase section */

/* Begin PBXGroup section */
		C0663AAF27D650B700BBC4BA = {
			isa = PBXGroup;
			children = (
				C0663ABA27D650B700BBC4BA /* I am Rich */,
				C0663AD127D650C100BBC4BA /* I am RichTests */,
				C0663ADC27D650C100BBC4BA /* I am RichUITests */,
				C0663AB927D650B700BBC4BA /* Products */,
			);
			sourceTree = "<group>";
		};
		C0663AB927D650B700BBC4BA /* Products */ = {
			isa = PBXGroup;
			children = (
				C0663AB827D650B700BBC4BA /* I am Rich.app */,
				C0663ACE27D650C100BBC4BA /* I am RichTests.xctest */,
				C0663AD927D650C100BBC4BA /* I am RichUITests.xctest */,
			);
			name = Products;
			sourceTree = "<group>";
		};
		C0663ABA27D650B700BBC4BA /* I am Rich */ = {
			isa = PBXGroup;
			children = (
				C0663ABB27D650B700BBC4BA /* AppDelegate.swift */,
				C0663ABD27D650B700BBC4BA /* SceneDelegate.swift */,
				C0663ABF27D650B700BBC4BA /* ViewController.swift */,
				C0663AC127D650B700BBC4BA /* Main.storyboard */,
				C0663AC427D650C100BBC4BA /* Assets.xcassets */,
				C0663AC627D650C100BBC4BA /* LaunchScreen.storyboard */,
				C0663AC927D650C100BBC4BA /* Info.plist */,
			);
			path = "I am Rich";
			sourceTree = "<group>";
		};
		C0663AD127D650C100BBC4BA /* I am RichTests */ = {
			isa = PBXGroup;
			children = (
				C0663AD227D650C100BBC4BA /* I_am_RichTests.swift */,
				C0663AD427D650C100BBC4BA /* Info.plist */,
			);
			path = "I am RichTests";
			sourceTree = "<group>";
		};
		C0663ADC27D650C100BBC4BA /* I am RichUITests */ = {
			isa = PBXGroup;
			children = (
				C0663ADD27D650C100BBC4BA /* I_am_RichUITests.swift */,
				C0663ADF27D650C100BBC4BA /* Info.plist */,
			);
			path = "I am RichUITests";
			sourceTree = "<group>";
		};
/* End PBXGroup section */

/* Begin PBXNativeTarget section */
		C0663AB727D650B700BBC4BA /* I am Rich */ = {
			isa = PBXNativeTarget;
			buildConfigurationList = C0663AE227D650C100BBC4BA /* Build configuration list for PBXNativeTarget "I am Rich" */;
			buildPhases = (
				C0663AB427D650B700BBC4BA /* Sources */,
				C0663AB527D650B700BBC4BA /* Frameworks */,
				C0663AB627D650B700BBC4BA /* Resources */,
			);
			buildRules = (
			);
			dependencies = (
			);
			name = "I am Rich";
			productName = "I am Rich";
			productReference = C0663AB827D650B700BBC4BA /* I am Rich.app */;
			productType = "com.apple.product-type.application";
		};
		C0663ACD27D650C100BBC4BA /* I am RichTests */ = {
			isa = PBXNativeTarget;
			buildConfigurationList = C0663AE527D650C100BBC4BA /* Build configuration list for PBXNativeTarget "I am RichTests" */;
			buildPhases = (
				C0663ACA27D650C100BBC4BA /* Sources */,
				C0663ACB27D650C100BBC4BA /* Frameworks */,
				C0663ACC27D650C100BBC4BA /* Resources */,
			);
			buildRules = (
			);
			dependencies = (
				C0663AD027D650C100BBC4BA /* PBXTargetDependency */,
			);
			name = "I am RichTests";
			productName = "I am RichTests";
			productReference = C0663ACE27D650C100BBC4BA /* I am RichTests.xctest */;
			productType = "com.apple.product-type.bundle.unit-test";
		};
		C0663AD827D650C100BBC4BA /* I am RichUITests */ = {
			isa = PBXNativeTarget;
			buildConfigurationList = C0663AE827D650C100BBC4BA /* Build configuration list for PBXNativeTarget "I am RichUITests" */;
			buildPhases = (
				C0663AD527D650C100BBC4BA /* Sources */,
				C0663AD627D650C100BBC4BA /* Frameworks */,
				C0663AD727D650C100BBC4BA /* Resources */,
			);
			buildRules = (
			);
			dependencies = (
				C0663ADB27D650C100BBC4BA /* PBXTargetDependency */,
			);
			name = "I am RichUITests";
			productName = "I am RichUITests";
			productReference = C0663AD927D650C100BBC4BA /* I am RichUITests.xctest */;
			productType = "com.apple.product-type.bundle.ui-testing";
		};
/* End PBXNativeTarget section */

/* Begin PBXProject section */
		C0663AB027D650B700BBC4BA /* Project object */ = {
			isa = PBXProject;
			attributes = {
				LastSwiftUpdateCheck = 1170;
				LastUpgradeCheck = 1170;
				ORGANIZATIONNAME = udj;
				TargetAttributes = {
					C0663AB727D650B700BBC4BA = {
						CreatedOnToolsVersion = 11.7;
					};
					C0663ACD27D650C100BBC4BA = {
						CreatedOnToolsVersion = 11.7;
						TestTargetID = C0663AB727D650B700BBC4BA;
					};
					C0663AD827D650C100BBC4BA = {
						CreatedOnToolsVersion = 11.7;
						TestTargetID = C0663AB727D650B700BBC4BA;
					};
				};
			};
			buildConfigurationList = C0663AB327D650B700BBC4BA /* Build configuration list for PBXProject "I am Rich" */;
			compatibilityVersion = "Xcode 9.3";
			developmentRegion = en;
			hasScannedForEncodings = 0;
			knownRegions = (
				en,
				Base,
			);
			mainGroup = C0663AAF27D650B700BBC4BA;
			productRefGroup = C0663AB927D650B700BBC4BA /* Products */;
			projectDirPath = "";
			projectRoot = "";
			targets = (
				C0663AB727D650B700BBC4BA /* I am Rich */,
				C0663ACD27D650C100BBC4BA /* I am RichTests */,
				C0663AD827D650C100BBC4BA /* I am RichUITests */,
			);
		};
/* End PBXProject section */

/* Begin PBXResourcesBuildPhase section */
		C0663AB627D650B700BBC4BA /* Resources */ = {
			isa = PBXResourcesBuildPhase;
			buildActionMask = 2147483647;
			files = (
				C0663AC827D650C100BBC4BA /* LaunchScreen.storyboard in Resources */,
				C0663AC527D650C100BBC4BA /* Assets.xcassets in Resources */,
				C0663AC327D650B700BBC4BA /* Main.storyboard in Resources */,
			);
			runOnlyForDeploymentPostprocessing = 0;
		};
		C0663ACC27D650C100BBC4BA /* Resources */ = {
			isa = PBXResourcesBuildPhase;
			buildActionMask = 2147483647;
			files = (
			);
			runOnlyForDeploymentPostprocessing = 0;
		};
		C0663AD727D650C100BBC4BA /* Resources */ = {
			isa = PBXResourcesBuildPhase;
			buildActionMask = 2147483647;
			files = (
			);
			runOnlyForDeploymentPostprocessing = 0;
		};
/* End PBXResourcesBuildPhase section */

/* Begin PBXSourcesBuildPhase section */
		C0663AB427D650B700BBC4BA /* Sources */ = {
			isa = PBXSourcesBuildPhase;
			buildActionMask = 2147483647;
			files = (
				C0663AC027D650B700BBC4BA /* ViewController.swift in Sources */,
				C0663ABC27D650B700BBC4BA /* AppDelegate.swift in Sources */,
				C0663ABE27D650B700BBC4BA /* SceneDelegate.swift in Sources */,
			);
			runOnlyForDeploymentPostprocessing = 0;
		};
		C0663ACA27D650C100BBC4BA /* Sources */ = {
			isa = PBXSourcesBuildPhase;
			buildActionMask = 2147483647;
			files = (
				C0663AD327D650C100BBC4BA /* I_am_RichTests.swift in Sources */,
			);
			runOnlyForDeploymentPostprocessing = 0;
		};
		C0663AD527D650C100BBC4BA /* Sources */ = {
			isa = PBXSourcesBuildPhase;
			buildActionMask = 2147483647;
			files = (
				C0663ADE27D650C100BBC4BA /* I_am_RichUITests.swift in Sources */,
			);
			runOnlyForDeploymentPostprocessing = 0;
		};
/* End PBXSourcesBuildPhase section */

/* Begin PBXTargetDependency section */
		C0663AD027D650C100BBC4BA /* PBXTargetDependency */ = {
			isa = PBXTargetDependency;
			target = C0663AB727D650B700BBC4BA /* I am Rich */;
			targetProxy = C0663ACF27D650C100BBC4BA /* PBXContainerItemProxy */;
		};
		C0663ADB27D650C100BBC4BA /* PBXTargetDependency */ = {
			isa = PBXTargetDependency;
			target = C0663AB727D650B700BBC4BA /* I am Rich */;
			targetProxy = C0663ADA27D650C100BBC4BA /* PBXContainerItemProxy */;
		};
/* End PBXTargetDependency section */

/* Begin PBXVariantGroup section */
		C0663AC127D650B700BBC4BA /* Main.storyboard */ = {
			isa = PBXVariantGroup;
			children = (
				C0663AC227D650B700BBC4BA /* Base */,
			);
			name = Main.storyboard;
			sourceTree = "<group>";
		};
		C0663AC627D650C100BBC4BA /* LaunchScreen.storyboard */ = {
			isa = PBXVariantGroup;
			children = (
				C0663AC727D650C100BBC4BA /* Base */,
			);
			name = LaunchScreen.storyboard;
			sourceTree = "<group>";
		};
/* End PBXVariantGroup section */

/* Begin XCBuildConfiguration section */
		C0663AE027D650C100BBC4BA /* Debug */ = {
			isa = XCBuildConfiguration;
			buildSettings = {
				ALWAYS_SEARCH_USER_PATHS = NO;
				CLANG_ANALYZER_NONNULL = YES;
				CLANG_ANALYZER_NUMBER_OBJECT_CONVERSION = YES_AGGRESSIVE;
				CLANG_CXX_LANGUAGE_STANDARD = "gnu++14";
				CLANG_CXX_LIBRARY = "libc++";
				CLANG_ENABLE_MODULES = YES;
				CLANG_ENABLE_OBJC_ARC = YES;
				CLANG_ENABLE_OBJC_WEAK = YES;
				CLANG_WARN_BLOCK_CAPTURE_AUTORELEASING = YES;
				CLANG_WARN_BOOL_CONVERSION = YES;
				CLANG_WARN_COMMA = YES;
				CLANG_WARN_CONSTANT_CONVERSION = YES;
				CLANG_WARN_DEPRECATED_OBJC_IMPLEMENTATIONS = YES;
				CLANG_WARN_DIRECT_OBJC_ISA_USAGE = YES_ERROR;
				CLANG_WARN_DOCUMENTATION_COMMENTS = YES;
				CLANG_WARN_EMPTY_BODY = YES;
				CLANG_WARN_ENUM_CONVERSION = YES;
				CLANG_WARN_INFINITE_RECURSION = YES;
				CLANG_WARN_INT_CONVERSION = YES;
				CLANG_WARN_NON_LITERAL_NULL_CONVERSION = YES;
				CLANG_WARN_OBJC_IMPLICIT_RETAIN_SELF = YES;
				CLANG_WARN_OBJC_LITERAL_CONVERSION = YES;
				CLANG_WARN_OBJC_ROOT_CLASS = YES_ERROR;
				CLANG_WARN_RANGE_LOOP_ANALYSIS = YES;
				CLANG_WARN_STRICT_PROTOTYPES = YES;
				CLANG_WARN_SUSPICIOUS_MOVE = YES;
				CLANG_WARN_UNGUARDED_AVAILABILITY = YES_AGGRESSIVE;
				CLANG_WARN_UNREACHABLE_CODE = YES;
				CLANG_WARN__DUPLICATE_METHOD_MATCH = YES;
				COPY_PHASE_STRIP = NO;
				DEBUG_INFORMATION_FORMAT = dwarf;
				ENABLE_STRICT_OBJC_MSGSEND = YES;
				ENABLE_TESTABILITY = YES;
				GCC_C_LANGUAGE_STANDARD = gnu11;
				GCC_DYNAMIC_NO_PIC = NO;
				GCC_NO_COMMON_BLOCKS = YES;
				GCC_OPTIMIZATION_LEVEL = 0;
				GCC_PREPROCESSOR_DEFINITIONS = (
					"DEBUG=1",
					"$(inherited)",
				);
				GCC_WARN_64_TO_32_BIT_CONVERSION = YES;
				GCC_WARN_ABOUT_RETURN_TYPE = YES_ERROR;
				GCC_WARN_UNDECLARED_SELECTOR = YES;
				GCC_WARN_UNINITIALIZED_AUTOS = YES_AGGRESSIVE;
				GCC_WARN_UNUSED_FUNCTION = YES;
				GCC_WARN_UNUSED_VARIABLE = YES;
				IPHONEOS_DEPLOYMENT_TARGET = 13.7;
				MTL_ENABLE_DEBUG_INFO = INCLUDE_SOURCE;
				MTL_FAST_MATH = YES;
				ONLY_ACTIVE_ARCH = YES;
				SDKROOT = iphoneos;
				SWIFT_ACTIVE_COMPILATION_CONDITIONS = DEBUG;
				SWIFT_OPTIMIZATION_LEVEL = "-Onone";
			};
			name = Debug;
		};
		C0663AE127D650C100BBC4BA /* Release */ = {
			isa = XCBuildConfiguration;
			buildSettings = {
				ALWAYS_SEARCH_USER_PATHS = NO;
				CLANG_ANALYZER_NONNULL = YES;
				CLANG_ANALYZER_NUMBER_OBJECT_CONVERSION = YES_AGGRESSIVE;
				CLANG_CXX_LANGUAGE_STANDARD = "gnu++14";
				CLANG_CXX_LIBRARY = "libc++";
				CLANG_ENABLE_MODULES = YES;
				CLANG_ENABLE_OBJC_ARC = YES;
				CLANG_ENABLE_OBJC_WEAK = YES;
				CLANG_WARN_BLOCK_CAPTURE_AUTORELEASING = YES;
				CLANG_WARN_BOOL_CONVERSION = YES;
				CLANG_WARN_COMMA = YES;
				CLANG_WARN_CONSTANT_CONVERSION = YES;
				CLANG_WARN_DEPRECATED_OBJC_IMPLEMENTATIONS = YES;
				CLANG_WARN_DIRECT_OBJC_ISA_USAGE = YES_ERROR;
				CLANG_WARN_DOCUMENTATION_COMMENTS = YES;
				CLANG_WARN_EMPTY_BODY = YES;
				CLANG_WARN_ENUM_CONVERSION = YES;
				CLANG_WARN_INFINITE_RECURSION = YES;
				CLANG_WARN_INT_CONVERSION = YES;
				CLANG_WARN_NON_LITERAL_NULL_CONVERSION = YES;
				CLANG_WARN_OBJC_IMPLICIT_RETAIN_SELF = YES;
				CLANG_WARN_OBJC_LITERAL_CONVERSION = YES;
				CLANG_WARN_OBJC_ROOT_CLASS = YES_ERROR;
				CLANG_WARN_RANGE_LOOP_ANALYSIS = YES;
				CLANG_WARN_STRICT_PROTOTYPES = YES;
				CLANG_WARN_SUSPICIOUS_MOVE = YES;
				CLANG_WARN_UNGUARDED_AVAILABILITY = YES_AGGRESSIVE;
				CLANG_WARN_UNREACHABLE_CODE = YES;
				CLANG_WARN__DUPLICATE_METHOD_MATCH = YES;
				COPY_PHASE_STRIP = NO;
				DEBUG_INFORMATION_FORMAT = "dwarf-with-dsym";
				ENABLE_NS_ASSERTIONS = NO;
				ENABLE_STRICT_OBJC_MSGSEND = YES;
				GCC_C_LANGUAGE_STANDARD = gnu11;
				GCC_NO_COMMON_BLOCKS = YES;
				GCC_WARN_64_TO_32_BIT_CONVERSION = YES;
				GCC_WARN_ABOUT_RETURN_TYPE = YES_ERROR;
				GCC_WARN_UNDECLARED_SELECTOR = YES;
				GCC_WARN_UNINITIALIZED_AUTOS = YES_AGGRESSIVE;
				GCC_WARN_UNUSED_FUNCTION = YES;
				GCC_WARN_UNUSED_VARIABLE = YES;
				IPHONEOS_DEPLOYMENT_TARGET = 13.7;
				MTL_ENABLE_DEBUG_INFO = NO;
				MTL_FAST_MATH = YES;
				SDKROOT = iphoneos;
				SWIFT_COMPILATION_MODE = wholemodule;
				SWIFT_OPTIMIZATION_LEVEL = "-O";
				VALIDATE_PRODUCT = YES;
			};
			name = Release;
		};
		C0663AE327D650C100BBC4BA /* Debug */ = {
			isa = XCBuildConfiguration;
			buildSettings = {
				ASSETCATALOG_COMPILER_APPICON_NAME = AppIcon;
				CODE_SIGN_STYLE = Automatic;
				DEVELOPMENT_TEAM = Y7535Q5VTT;
				INFOPLIST_FILE = "I am Rich/Info.plist";
				LD_RUNPATH_SEARCH_PATHS = (
					"$(inherited)",
					"@executable_path/Frameworks",
				);
				PRODUCT_BUNDLE_IDENTIFIER = "com.udj009.I-am-Rich";
				PRODUCT_NAME = "$(TARGET_NAME)";
				SWIFT_VERSION = 5.0;
				TARGETED_DEVICE_FAMILY = "1,2";
			};
			name = Debug;
		};
		C0663AE427D650C100BBC4BA /* Release */ = {
			isa = XCBuildConfiguration;
			buildSettings = {
				ASSETCATALOG_COMPILER_APPICON_NAME = AppIcon;
				CODE_SIGN_STYLE = Automatic;
				DEVELOPMENT_TEAM = Y7535Q5VTT;
				INFOPLIST_FILE = "I am Rich/Info.plist";
				LD_RUNPATH_SEARCH_PATHS = (
					"$(inherited)",
					"@executable_path/Frameworks",
				);
				PRODUCT_BUNDLE_IDENTIFIER = "com.udj009.I-am-Rich";
				PRODUCT_NAME = "$(TARGET_NAME)";
				SWIFT_VERSION = 5.0;
				TARGETED_DEVICE_FAMILY = "1,2";
			};
			name = Release;
		};
		C0663AE627D650C100BBC4BA /* Debug */ = {
			isa = XCBuildConfiguration;
			buildSettings = {
				ALWAYS_EMBED_SWIFT_STANDARD_LIBRARIES = YES;
				BUNDLE_LOADER = "$(TEST_HOST)";
				CODE_SIGN_STYLE = Automatic;
				INFOPLIST_FILE = "I am RichTests/Info.plist";
				IPHONEOS_DEPLOYMENT_TARGET = 13.7;
				LD_RUNPATH_SEARCH_PATHS = (
					"$(inherited)",
					"@executable_path/Frameworks",
					"@loader_path/Frameworks",
				);
				PRODUCT_BUNDLE_IDENTIFIER = "com.udj009.I-am-RichTests";
				PRODUCT_NAME = "$(TARGET_NAME)";
				SWIFT_VERSION = 5.0;
				TARGETED_DEVICE_FAMILY = "1,2";
				TEST_HOST = "$(BUILT_PRODUCTS_DIR)/I am Rich.app/I am Rich";
			};
			name = Debug;
		};
		C0663AE727D650C100BBC4BA /* Release */ = {
			isa = XCBuildConfiguration;
			buildSettings = {
				ALWAYS_EMBED_SWIFT_STANDARD_LIBRARIES = YES;
				BUNDLE_LOADER = "$(TEST_HOST)";
				CODE_SIGN_STYLE = Automatic;
				INFOPLIST_FILE = "I am RichTests/Info.plist";
				IPHONEOS_DEPLOYMENT_TARGET = 13.7;
				LD_RUNPATH_SEARCH_PATHS = (
					"$(inherited)",
					"@executable_path/Frameworks",
					"@loader_path/Frameworks",
				);
				PRODUCT_BUNDLE_IDENTIFIER = "com.udj009.I-am-RichTests";
				PRODUCT_NAME = "$(TARGET_NAME)";
				SWIFT_VERSION = 5.0;
				TARGETED_DEVICE_FAMILY = "1,2";
				TEST_HOST = "$(BUILT_PRODUCTS_DIR)/I am Rich.app/I am Rich";
			};
			name = Release;
		};
		C0663AE927D650C100BBC4BA /* Debug */ = {
			isa = XCBuildConfiguration;
			buildSettings = {
				ALWAYS_EMBED_SWIFT_STANDARD_LIBRARIES = YES;
				CODE_SIGN_STYLE = Automatic;
				INFOPLIST_FILE = "I am RichUITests/Info.plist";
				LD_RUNPATH_SEARCH_PATHS = (
					"$(inherited)",
					"@executable_path/Frameworks",
					"@loader_path/Frameworks",
				);
				PRODUCT_BUNDLE_IDENTIFIER = "com.udj009.I-am-RichUITests";
				PRODUCT_NAME = "$(TARGET_NAME)";
				SWIFT_VERSION = 5.0;
				TARGETED_DEVICE_FAMILY = "1,2";
				TEST_TARGET_NAME = "I am Rich";
			};
			name = Debug;
		};
		C0663AEA27D650C100BBC4BA /* Release */ = {
			isa = XCBuildConfiguration;
			buildSettings = {
				ALWAYS_EMBED_SWIFT_STANDARD_LIBRARIES = YES;
				CODE_SIGN_STYLE = Automatic;
				INFOPLIST_FILE = "I am RichUITests/Info.plist";
				LD_RUNPATH_SEARCH_PATHS = (
					"$(inherited)",
					"@executable_path/Frameworks",
					"@loader_path/Frameworks",
				);
				PRODUCT_BUNDLE_IDENTIFIER = "com.udj009.I-am-RichUITests";
				PRODUCT_NAME = "$(TARGET_NAME)";
				SWIFT_VERSION = 5.0;
				TARGETED_DEVICE_FAMILY = "1,2";
				TEST_TARGET_NAME = "I am Rich";
			};
			name = Release;
		};
/* End XCBuildConfiguration section */

/* Begin XCConfigurationList section */
		C0663AB327D650B700BBC4BA /* Build configuration list for PBXProject "I am Rich" */ = {
			isa = XCConfigurationList;
			buildConfigurations = (
				C0663AE027D650C100BBC4BA /* Debug */,
				C0663AE127D650C100BBC4BA /* Release */,
			);
			defaultConfigurationIsVisible = 0;
			defaultConfigurationName = Release;
		};
		C0663AE227D650C100BBC4BA /* Build configuration list for PBXNativeTarget "I am Rich" */ = {
			isa = XCConfigurationList;
			buildConfigurations = (
				C0663AE327D650C100BBC4BA /* Debug */,
				C0663AE427D650C100BBC4BA /* Release */,
			);
			defaultConfigurationIsVisible = 0;
			defaultConfigurationName = Release;
		};
		C0663AE527D650C100BBC4BA /* Build configuration list for PBXNativeTarget "I am RichTests" */ = {
			isa = XCConfigurationList;
			buildConfigurations = (
				C0663AE627D650C100BBC4BA /* Debug */,
				C0663AE727D650C100BBC4BA /* Release */,
			);
			defaultConfigurationIsVisible = 0;
			defaultConfigurationName = Release;
		};
		C0663AE827D650C100BBC4BA /* Build configuration list for PBXNativeTarget "I am RichUITests" */ = {
			isa = XCConfigurationList;
			buildConfigurations = (
				C0663AE927D650C100BBC4BA /* Debug */,
				C0663AEA27D650C100BBC4BA /* Release */,
			);
			defaultConfigurationIsVisible = 0;
			defaultConfigurationName = Release;
		};
/* End XCConfigurationList section */
	};
	rootObject = C0663AB027D650B700BBC4BA /* Project object */;
}
